
Microsoft Visual Studio Solution File, Format Version 12.00
# Visual Studio Version 17
VisualStudioVersion = 17.9.34622.214
MinimumVisualStudioVersion = 10.0.40219.1
Project("{FAE04EC0-301F-11D3-BF4B-00C04F79EFBC}") = "MyContactAPI", "MyContactAPI\MyContactAPI.csproj", "{123219B0-A19F-4DB9-B9FB-E22F3F12FFEE}"
EndProject
Global
	GlobalSection(SolutionConfigurationPlatforms) = preSolution
		Debug|Any CPU = Debug|Any CPU
		Release|Any CPU = Release|Any CPU
	EndGlobalSection
	GlobalSection(ProjectConfigurationPlatforms) = postSolution
		{123219B0-A19F-4DB9-B9FB-E22F3F12FFEE}.Debug|Any CPU.ActiveCfg = Debug|Any CPU
		{123219B0-A19F-4DB9-B9FB-E22F3F12FFEE}.Debug|Any CPU.Build.0 = Debug|Any CPU
		{123219B0-A19F-4DB9-B9FB-E22F3F12FFEE}.Release|Any CPU.ActiveCfg = Release|Any CPU
		{123219B0-A19F-4DB9-B9FB-E22F3F12FFEE}.Release|Any CPU.Build.0 = Release|Any CPU
	EndGlobalSection
	GlobalSection(SolutionProperties) = preSolution
		HideSolutionNode = FALSE
	EndGlobalSection
	GlobalSection(ExtensibilityGlobals) = postSolution
		SolutionGuid = {3A000B06-BCCC-40C4-8C7F-B83D2CFBEF69}
	EndGlobalSection
EndGlobal
